
Microsoft Visual Studio Solution File, Format Version 12.00
# Visual Studio Version 16
VisualStudioVersion = 16.0.29728.190
MinimumVisualStudioVersion = 10.0.40219.1
Project("{9A19103F-16F7-4668-BE54-9A1E7A4F7556}") = "GoldenTicket", "GoldenTicket.csproj", "{1EE3A0AB-9501-45DF-8044-C0500DFF25EF}"
EndProject
Project("{2150E333-8FDC-42A3-9474-1A3956D46DE8}") = "Solution Items", "Solution Items", "{34BE2527-CBCC-4150-B279-7272939375E5}"
	ProjectSection(SolutionItems) = preProject
		.editorconfig = .editorconfig
	EndProjectSection
EndProject
Global
	GlobalSection(SolutionConfigurationPlatforms) = preSolution
		Debug|Any CPU = Debug|Any CPU
		Release|Any CPU = Release|Any CPU
	EndGlobalSection
	GlobalSection(ProjectConfigurationPlatforms) = postSolution
		{1EE3A0AB-9501-45DF-8044-C0500DFF25EF}.Debug|Any CPU.ActiveCfg = Debug|Any CPU
		{1EE3A0AB-9501-45DF-8044-C0500DFF25EF}.Debug|Any CPU.Build.0 = Debug|Any CPU
		{1EE3A0AB-9501-45DF-8044-C0500DFF25EF}.Release|Any CPU.ActiveCfg = Release|Any CPU
		{1EE3A0AB-9501-45DF-8044-C0500DFF25EF}.Release|Any CPU.Build.0 = Release|Any CPU
	EndGlobalSection
	GlobalSection(SolutionProperties) = preSolution
		HideSolutionNode = FALSE
	EndGlobalSection
	GlobalSection(ExtensibilityGlobals) = postSolution
		SolutionGuid = {FD7B424D-7392-46E3-901D-DF96CB541A19}
	EndGlobalSection
EndGlobal
